
Microsoft Visual Studio Solution File, Format Version 12.00
# Visual Studio 15
VisualStudioVersion = 15.0.27428.2043
MinimumVisualStudioVersion = 10.0.40219.1
Project("{2150E333-8FDC-42A3-9474-1A3956D46DE8}") = "CreationalPatterns", "CreationalPatterns", "{10459566-32A8-4FB8-9EF4-85660E241377}"
EndProject
Project("{FAE04EC0-301F-11D3-BF4B-00C04F79EFBC}") = "AbstractFactory", "CreationalPatterns\AbstractFactory\AbstractFactory.csproj", "{D5760751-78F3-45F8-A701-0B33760E0977}"
EndProject
Project("{FAE04EC0-301F-11D3-BF4B-00C04F79EFBC}") = "Builder", "CreationalPatterns\Builder\Builder.csproj", "{793D3AFA-A68E-4E42-9520-EED110D4F9FB}"
EndProject
Global
	GlobalSection(SolutionConfigurationPlatforms) = preSolution
		Debug|Any CPU = Debug|Any CPU
		Release|Any CPU = Release|Any CPU
	EndGlobalSection
	GlobalSection(ProjectConfigurationPlatforms) = postSolution
		{D5760751-78F3-45F8-A701-0B33760E0977}.Debug|Any CPU.ActiveCfg = Debug|Any CPU
		{D5760751-78F3-45F8-A701-0B33760E0977}.Debug|Any CPU.Build.0 = Debug|Any CPU
		{D5760751-78F3-45F8-A701-0B33760E0977}.Release|Any CPU.ActiveCfg = Release|Any CPU
		{D5760751-78F3-45F8-A701-0B33760E0977}.Release|Any CPU.Build.0 = Release|Any CPU
		{793D3AFA-A68E-4E42-9520-EED110D4F9FB}.Debug|Any CPU.ActiveCfg = Debug|Any CPU
		{793D3AFA-A68E-4E42-9520-EED110D4F9FB}.Debug|Any CPU.Build.0 = Debug|Any CPU
		{793D3AFA-A68E-4E42-9520-EED110D4F9FB}.Release|Any CPU.ActiveCfg = Release|Any CPU
		{793D3AFA-A68E-4E42-9520-EED110D4F9FB}.Release|Any CPU.Build.0 = Release|Any CPU
	EndGlobalSection
	GlobalSection(SolutionProperties) = preSolution
		HideSolutionNode = FALSE
	EndGlobalSection
	GlobalSection(NestedProjects) = preSolution
		{D5760751-78F3-45F8-A701-0B33760E0977} = {10459566-32A8-4FB8-9EF4-85660E241377}
		{793D3AFA-A68E-4E42-9520-EED110D4F9FB} = {10459566-32A8-4FB8-9EF4-85660E241377}
	EndGlobalSection
	GlobalSection(ExtensibilityGlobals) = postSolution
		SolutionGuid = {CBFC1B0C-DC2F-4C84-A7F9-9D3F5AEC5563}
	EndGlobalSection
EndGlobal
